// !$*UTF8*$!
{
	archiveVersion = 1;
	classes = {
	};
	objectVersion = 46;
	objects = {

/* Begin PBXBuildFile section */
		E51CE8AB1B8B42D800307730 /* main.m in Sources */ = {isa = PBXBuildFile; fileRef = E51CE8AA1B8B42D800307730 /* main.m */; };
		E51CE8AE1B8B42D800307730 /* AppDelegate.m in Sources */ = {isa = PBXBuildFile; fileRef = E51CE8AD1B8B42D800307730 /* AppDelegate.m */; };
		E51CE8B11B8B42D800307730 /* ViewController.m in Sources */ = {isa = PBXBuildFile; fileRef = E51CE8B01B8B42D800307730 /* ViewController.m */; };
		E51CE8B41B8B42D800307730 /* Main.storyboard in Resources */ = {isa = PBXBuildFile; fileRef = E51CE8B21B8B42D800307730 /* Main.storyboard */; };
		E51CE8B61B8B42D800307730 /* Images.xcassets in Resources */ = {isa = PBXBuildFile; fileRef = E51CE8B51B8B42D800307730 /* Images.xcassets */; };
		E51CE8B91B8B42D800307730 /* LaunchScreen.xib in Resources */ = {isa = PBXBuildFile; fileRef = E51CE8B71B8B42D800307730 /* LaunchScreen.xib */; };
		E51CE8C51B8B42D800307730 /* simple_iphoneTests.m in Sources */ = {isa = PBXBuildFile; fileRef = E51CE8C41B8B42D800307730 /* simple_iphoneTests.m */; };
/* End PBXBuildFile section */

/* Begin PBXContainerItemProxy section */
		E51CE8BF1B8B42D800307730 /* PBXContainerItemProxy */ = {
			isa = PBXContainerItemProxy;
			containerPortal = E51CE89D1B8B42D800307730 /* Project object */;
			proxyType = 1;
			remoteGlobalIDString = E51CE8A41B8B42D800307730;
			remoteInfo = simple_iphone;
		};
/* End PBXContainerItemProxy section */

/* Begin PBXFileReference section */
		E51CE8A51B8B42D800307730 /* simple_iphone.app */ = {isa = PBXFileReference; explicitFileType = wrapper.application; includeInIndex = 0; path = simple_iphone.app; sourceTree = BUILT_PRODUCTS_DIR; };
		E51CE8A91B8B42D800307730 /* Info.plist */ = {isa = PBXFileReference; lastKnownFileType = text.plist.xml; path = Info.plist; sourceTree = "<group>"; };
		E51CE8AA1B8B42D800307730 /* main.m */ = {isa = PBXFileReference; lastKnownFileType = sourcecode.c.objc; path = main.m; sourceTree = "<group>"; };
		E51CE8AC1B8B42D800307730 /* AppDelegate.h */ = {isa = PBXFileReference; lastKnownFileType = sourcecode.c.h; path = AppDelegate.h; sourceTree = "<group>"; };
		E51CE8AD1B8B42D800307730 /* AppDelegate.m */ = {isa = PBXFileReference; lastKnownFileType = sourcecode.c.objc; path = AppDelegate.m; sourceTree = "<group>"; };
		E51CE8AF1B8B42D800307730 /* ViewController.h */ = {isa = PBXFileReference; lastKnownFileType = sourcecode.c.h; path = ViewController.h; sourceTree = "<group>"; };
		E51CE8B01B8B42D800307730 /* ViewController.m */ = {isa = PBXFileReference; lastKnownFileType = sourcecode.c.objc; path = ViewController.m; sourceTree = "<group>"; };
		E51CE8B31B8B42D800307730 /* Base */ = {isa = PBXFileReference; lastKnownFileType = file.storyboard; name = Base; path = Base.lproj/Main.storyboard; sourceTree = "<group>"; };
		E51CE8B51B8B42D800307730 /* Images.xcassets */ = {isa = PBXFileReference; lastKnownFileType = folder.assetcatalog; path = Images.xcassets; sourceTree = "<group>"; };
		E51CE8B81B8B42D800307730 /* Base */ = {isa = PBXFileReference; lastKnownFileType = file.xib; name = Base; path = Base.lproj/LaunchScreen.xib; sourceTree = "<group>"; };
		E51CE8BE1B8B42D800307730 /* simple_iphoneTests.xctest */ = {isa = PBXFileReference; explicitFileType = wrapper.cfbundle; includeInIndex = 0; path = simple_iphoneTests.xctest; sourceTree = BUILT_PRODUCTS_DIR; };
		E51CE8C31B8B42D800307730 /* Info.plist */ = {isa = PBXFileReference; lastKnownFileType = text.plist.xml; path = Info.plist; sourceTree = "<group>"; };
		E51CE8C41B8B42D800307730 /* simple_iphoneTests.m */ = {isa = PBXFileReference; lastKnownFileType = sourcecode.c.objc; path = simple_iphoneTests.m; sourceTree = "<group>"; };
/* End PBXFileReference section */

/* Begin PBXFrameworksBuildPhase section */
		E51CE8A21B8B42D800307730 /* Frameworks */ = {
			isa = PBXFrameworksBuildPhase;
			buildActionMask = 2147483647;
			files = (
			);
			runOnlyForDeploymentPostprocessing = 0;
		};
		E51CE8BB1B8B42D800307730 /* Frameworks */ = {
			isa = PBXFrameworksBuildPhase;
			buildActionMask = 2147483647;
			files = (
			);
			runOnlyForDeploymentPostprocessing = 0;
		};
/* End PBXFrameworksBuildPhase section */

/* Begin PBXGroup section */
		E51CE89C1B8B42D800307730 = {
			isa = PBXGroup;
			children = (
				E51CE8A71B8B42D800307730 /* simple_iphone */,
				E51CE8C11B8B42D800307730 /* simple_iphoneTests */,
				E51CE8A61B8B42D800307730 /* Products */,
			);
			sourceTree = "<group>";
		};
		E51CE8A61B8B42D800307730 /* Products */ = {
			isa = PBXGroup;
			children = (
				E51CE8A51B8B42D800307730 /* simple_iphone.app */,
				E51CE8BE1B8B42D800307730 /* simple_iphoneTests.xctest */,
			);
			name = Products;
			sourceTree = "<group>";
		};
		E51CE8A71B8B42D800307730 /* simple_iphone */ = {
			isa = PBXGroup;
			children = (
				E51CE8AC1B8B42D800307730 /* AppDelegate.h */,
				E51CE8AD1B8B42D800307730 /* AppDelegate.m */,
				E51CE8AF1B8B42D800307730 /* ViewController.h */,
				E51CE8B01B8B42D800307730 /* ViewController.m */,
				E51CE8B21B8B42D800307730 /* Main.storyboard */,
				E51CE8B51B8B42D800307730 /* Images.xcassets */,
				E51CE8B71B8B42D800307730 /* LaunchScreen.xib */,
				E51CE8A81B8B42D800307730 /* Supporting Files */,
			);
			path = simple_iphone;
			sourceTree = "<group>";
		};
		E51CE8A81B8B42D800307730 /* Supporting Files */ = {
			isa = PBXGroup;
			children = (
				E51CE8A91B8B42D800307730 /* Info.plist */,
				E51CE8AA1B8B42D800307730 /* main.m */,
			);
			name = "Supporting Files";
			sourceTree = "<group>";
		};
		E51CE8C11B8B42D800307730 /* simple_iphoneTests */ = {
			isa = PBXGroup;
			children = (
				E51CE8C41B8B42D800307730 /* simple_iphoneTests.m */,
				E51CE8C21B8B42D800307730 /* Supporting Files */,
			);
			path = simple_iphoneTests;
			sourceTree = "<group>";
		};
		E51CE8C21B8B42D800307730 /* Supporting Files */ = {
			isa = PBXGroup;
			children = (
				E51CE8C31B8B42D800307730 /* Info.plist */,
			);
			name = "Supporting Files";
			sourceTree = "<group>";
		};
/* End PBXGroup section */

/* Begin PBXNativeTarget section */
		E51CE8A41B8B42D800307730 /* simple_iphone */ = {
			isa = PBXNativeTarget;
			buildConfigurationList = E51CE8C81B8B42D800307730 /* Build configuration list for PBXNativeTarget "simple_iphone" */;
			buildPhases = (
				E51CE8A11B8B42D800307730 /* Sources */,
				E51CE8A21B8B42D800307730 /* Frameworks */,
				E51CE8A31B8B42D800307730 /* Resources */,
			);
			buildRules = (
			);
			dependencies = (
			);
			name = simple_iphone;
			productName = simple_iphone;
			productReference = E51CE8A51B8B42D800307730 /* simple_iphone.app */;
			productType = "com.apple.product-type.application";
		};
		E51CE8BD1B8B42D800307730 /* simple_iphoneTests */ = {
			isa = PBXNativeTarget;
			buildConfigurationList = E51CE8CB1B8B42D800307730 /* Build configuration list for PBXNativeTarget "simple_iphoneTests" */;
			buildPhases = (
				E51CE8BA1B8B42D800307730 /* Sources */,
				E51CE8BB1B8B42D800307730 /* Frameworks */,
				E51CE8BC1B8B42D800307730 /* Resources */,
			);
			buildRules = (
			);
			dependencies = (
				E51CE8C01B8B42D800307730 /* PBXTargetDependency */,
			);
			name = simple_iphoneTests;
			productName = simple_iphoneTests;
			productReference = E51CE8BE1B8B42D800307730 /* simple_iphoneTests.xctest */;
			productType = "com.apple.product-type.bundle.unit-test";
		};
/* End PBXNativeTarget section */

/* Begin PBXProject section */
		E51CE89D1B8B42D800307730 /* Project object */ = {
			isa = PBXProject;
			attributes = {
				LastUpgradeCheck = 0640;
				ORGANIZATIONNAME = "Ian Connor";
				TargetAttributes = {
					E51CE8A41B8B42D800307730 = {
						CreatedOnToolsVersion = 6.4;
					};
					E51CE8BD1B8B42D800307730 = {
						CreatedOnToolsVersion = 6.4;
						TestTargetID = E51CE8A41B8B42D800307730;
					};
				};
			};
			buildConfigurationList = E51CE8A01B8B42D800307730 /* Build configuration list for PBXProject "simple_iphone" */;
			compatibilityVersion = "Xcode 3.2";
			developmentRegion = English;
			hasScannedForEncodings = 0;
			knownRegions = (
				en,
				Base,
			);
			mainGroup = E51CE89C1B8B42D800307730;
			productRefGroup = E51CE8A61B8B42D800307730 /* Products */;
			projectDirPath = "";
			projectRoot = "";
			targets = (
				E51CE8A41B8B42D800307730 /* simple_iphone */,
				E51CE8BD1B8B42D800307730 /* simple_iphoneTests */,
			);
		};
/* End PBXProject section */

/* Begin PBXResourcesBuildPhase section */
		E51CE8A31B8B42D800307730 /* Resources */ = {
			isa = PBXResourcesBuildPhase;
			buildActionMask = 2147483647;
			files = (
				E51CE8B41B8B42D800307730 /* Main.storyboard in Resources */,
				E51CE8B91B8B42D800307730 /* LaunchScreen.xib in Resources */,
				E51CE8B61B8B42D800307730 /* Images.xcassets in Resources */,
			);
			runOnlyForDeploymentPostprocessing = 0;
		};
		E51CE8BC1B8B42D800307730 /* Resources */ = {
			isa = PBXResourcesBuildPhase;
			buildActionMask = 2147483647;
			files = (
			);
			runOnlyForDeploymentPostprocessing = 0;
		};
/* End PBXResourcesBuildPhase section */

/* Begin PBXSourcesBuildPhase section */
		E51CE8A11B8B42D800307730 /* Sources */ = {
			isa = PBXSourcesBuildPhase;
			buildActionMask = 2147483647;
			files = (
				E51CE8B11B8B42D800307730 /* ViewController.m in Sources */,
				E51CE8AE1B8B42D800307730 /* AppDelegate.m in Sources */,
				E51CE8AB1B8B42D800307730 /* main.m in Sources */,
			);
			runOnlyForDeploymentPostprocessing = 0;
		};
		E51CE8BA1B8B42D800307730 /* Sources */ = {
			isa = PBXSourcesBuildPhase;
			buildActionMask = 2147483647;
			files = (
				E51CE8C51B8B42D800307730 /* simple_iphoneTests.m in Sources */,
			);
			runOnlyForDeploymentPostprocessing = 0;
		};
/* End PBXSourcesBuildPhase section */

/* Begin PBXTargetDependency section */
		E51CE8C01B8B42D800307730 /* PBXTargetDependency */ = {
			isa = PBXTargetDependency;
			target = E51CE8A41B8B42D800307730 /* simple_iphone */;
			targetProxy = E51CE8BF1B8B42D800307730 /* PBXContainerItemProxy */;
		};
/* End PBXTargetDependency section */

/* Begin PBXVariantGroup section */
		E51CE8B21B8B42D800307730 /* Main.storyboard */ = {
			isa = PBXVariantGroup;
			children = (
				E51CE8B31B8B42D800307730 /* Base */,
			);
			name = Main.storyboard;
			sourceTree = "<group>";
		};
		E51CE8B71B8B42D800307730 /* LaunchScreen.xib */ = {
			isa = PBXVariantGroup;
			children = (
				E51CE8B81B8B42D800307730 /* Base */,
			);
			name = LaunchScreen.xib;
			sourceTree = "<group>";
		};
/* End PBXVariantGroup section */

/* Begin XCBuildConfiguration section */
		E51CE8C61B8B42D800307730 /* Debug */ = {
			isa = XCBuildConfiguration;
			buildSettings = {
				ALWAYS_SEARCH_USER_PATHS = NO;
				CLANG_CXX_LANGUAGE_STANDARD = "gnu++0x";
				CLANG_CXX_LIBRARY = "libc++";
				CLANG_ENABLE_MODULES = YES;
				CLANG_ENABLE_OBJC_ARC = YES;
				CLANG_WARN_BOOL_CONVERSION = YES;
				CLANG_WARN_CONSTANT_CONVERSION = YES;
				CLANG_WARN_DIRECT_OBJC_ISA_USAGE = YES_ERROR;
				CLANG_WARN_EMPTY_BODY = YES;
				CLANG_WARN_ENUM_CONVERSION = YES;
				CLANG_WARN_INT_CONVERSION = YES;
				CLANG_WARN_OBJC_ROOT_CLASS = YES_ERROR;
				CLANG_WARN_UNREACHABLE_CODE = YES;
				CLANG_WARN__DUPLICATE_METHOD_MATCH = YES;
				"CODE_SIGN_IDENTITY[sdk=iphoneos*]" = "iPhone Developer";
				COPY_PHASE_STRIP = NO;
				DEBUG_INFORMATION_FORMAT = "dwarf-with-dsym";
				ENABLE_STRICT_OBJC_MSGSEND = YES;
				GCC_C_LANGUAGE_STANDARD = gnu99;
				GCC_DYNAMIC_NO_PIC = NO;
				GCC_NO_COMMON_BLOCKS = YES;
				GCC_OPTIMIZATION_LEVEL = 0;
				GCC_PREPROCESSOR_DEFINITIONS = (
					"DEBUG=1",
					"$(inherited)",
				);
				GCC_SYMBOLS_PRIVATE_EXTERN = NO;
				GCC_WARN_64_TO_32_BIT_CONVERSION = YES;
				GCC_WARN_ABOUT_RETURN_TYPE = YES_ERROR;
				GCC_WARN_UNDECLARED_SELECTOR = YES;
				GCC_WARN_UNINITIALIZED_AUTOS = YES_AGGRESSIVE;
				GCC_WARN_UNUSED_FUNCTION = YES;
				GCC_WARN_UNUSED_VARIABLE = YES;
				IPHONEOS_DEPLOYMENT_TARGET = 8.4;
				MTL_ENABLE_DEBUG_INFO = YES;
				ONLY_ACTIVE_ARCH = YES;
				SDKROOT = iphoneos;
				TARGETED_DEVICE_FAMILY = "1,2";
			};
			name = Debug;
		};
		E51CE8C71B8B42D800307730 /* Release */ = {
			isa = XCBuildConfiguration;
			buildSettings = {
				ALWAYS_SEARCH_USER_PATHS = NO;
				CLANG_CXX_LANGUAGE_STANDARD = "gnu++0x";
				CLANG_CXX_LIBRARY = "libc++";
				CLANG_ENABLE_MODULES = YES;
				CLANG_ENABLE_OBJC_ARC = YES;
				CLANG_WARN_BOOL_CONVERSION = YES;
				CLANG_WARN_CONSTANT_CONVERSION = YES;
				CLANG_WARN_DIRECT_OBJC_ISA_USAGE = YES_ERROR;
				CLANG_WARN_EMPTY_BODY = YES;
				CLANG_WARN_ENUM_CONVERSION = YES;
				CLANG_WARN_INT_CONVERSION = YES;
				CLANG_WARN_OBJC_ROOT_CLASS = YES_ERROR;
				CLANG_WARN_UNREACHABLE_CODE = YES;
				CLANG_WARN__DUPLICATE_METHOD_MATCH = YES;
				"CODE_SIGN_IDENTITY[sdk=iphoneos*]" = "iPhone Developer";
				COPY_PHASE_STRIP = NO;
				DEBUG_INFORMATION_FORMAT = "dwarf-with-dsym";
				ENABLE_NS_ASSERTIONS = NO;
				ENABLE_STRICT_OBJC_MSGSEND = YES;
				GCC_C_LANGUAGE_STANDARD = gnu99;
				GCC_NO_COMMON_BLOCKS = YES;
				GCC_WARN_64_TO_32_BIT_CONVERSION = YES;
				GCC_WARN_ABOUT_RETURN_TYPE = YES_ERROR;
				GCC_WARN_UNDECLARED_SELECTOR = YES;
				GCC_WARN_UNINITIALIZED_AUTOS = YES_AGGRESSIVE;
				GCC_WARN_UNUSED_FUNCTION = YES;
				GCC_WARN_UNUSED_VARIABLE = YES;
				IPHONEOS_DEPLOYMENT_TARGET = 8.4;
				MTL_ENABLE_DEBUG_INFO = NO;
				SDKROOT = iphoneos;
				TARGETED_DEVICE_FAMILY = "1,2";
				VALIDATE_PRODUCT = YES;
			};
			name = Release;
		};
		E51CE8C91B8B42D800307730 /* Debug */ = {
			isa = XCBuildConfiguration;
			buildSettings = {
				ASSETCATALOG_COMPILER_APPICON_NAME = AppIcon;
				INFOPLIST_FILE = simple_iphone/Info.plist;
				LD_RUNPATH_SEARCH_PATHS = "$(inherited) @executable_path/Frameworks";
				PRODUCT_NAME = "$(TARGET_NAME)";
			};
			name = Debug;
		};
		E51CE8CA1B8B42D800307730 /* Release */ = {
			isa = XCBuildConfiguration;
			buildSettings = {
				ASSETCATALOG_COMPILER_APPICON_NAME = AppIcon;
				INFOPLIST_FILE = simple_iphone/Info.plist;
				LD_RUNPATH_SEARCH_PATHS = "$(inherited) @executable_path/Frameworks";
				PRODUCT_NAME = "$(TARGET_NAME)";
			};
			name = Release;
		};
		E51CE8CC1B8B42D800307730 /* Debug */ = {
			isa = XCBuildConfiguration;
			buildSettings = {
				BUNDLE_LOADER = "$(TEST_HOST)";
				FRAMEWORK_SEARCH_PATHS = (
					"$(SDKROOT)/Developer/Library/Frameworks",
					"$(inherited)",
				);
				GCC_PREPROCESSOR_DEFINITIONS = (
					"DEBUG=1",
					"$(inherited)",
				);
				INFOPLIST_FILE = simple_iphoneTests/Info.plist;
				LD_RUNPATH_SEARCH_PATHS = "$(inherited) @executable_path/Frameworks @loader_path/Frameworks";
				PRODUCT_NAME = "$(TARGET_NAME)";
				TEST_HOST = "$(BUILT_PRODUCTS_DIR)/simple_iphone.app/simple_iphone";
			};
			name = Debug;
		};
		E51CE8CD1B8B42D800307730 /* Release */ = {
			isa = XCBuildConfiguration;
			buildSettings = {
				BUNDLE_LOADER = "$(TEST_HOST)";
				FRAMEWORK_SEARCH_PATHS = (
					"$(SDKROOT)/Developer/Library/Frameworks",
					"$(inherited)",
				);
				INFOPLIST_FILE = simple_iphoneTests/Info.plist;
				LD_RUNPATH_SEARCH_PATHS = "$(inherited) @executable_path/Frameworks @loader_path/Frameworks";
				PRODUCT_NAME = "$(TARGET_NAME)";
				TEST_HOST = "$(BUILT_PRODUCTS_DIR)/simple_iphone.app/simple_iphone";
			};
			name = Release;
		};
/* End XCBuildConfiguration section */

/* Begin XCConfigurationList section */
		E51CE8A01B8B42D800307730 /* Build configuration list for PBXProject "simple_iphone" */ = {
			isa = XCConfigurationList;
			buildConfigurations = (
				E51CE8C61B8B42D800307730 /* Debug */,
				E51CE8C71B8B42D800307730 /* Release */,
			);
			defaultConfigurationIsVisible = 0;
			defaultConfigurationName = Release;
		};
		E51CE8C81B8B42D800307730 /* Build configuration list for PBXNativeTarget "simple_iphone" */ = {
			isa = XCConfigurationList;
			buildConfigurations = (
				E51CE8C91B8B42D800307730 /* Debug */,
				E51CE8CA1B8B42D800307730 /* Release */,
			);
			defaultConfigurationIsVisible = 0;
		};
		E51CE8CB1B8B42D800307730 /* Build configuration list for PBXNativeTarget "simple_iphoneTests" */ = {
			isa = XCConfigurationList;
			buildConfigurations = (
				E51CE8CC1B8B42D800307730 /* Debug */,
				E51CE8CD1B8B42D800307730 /* Release */,
			);
			defaultConfigurationIsVisible = 0;
		};
/* End XCConfigurationList section */
	};
	rootObject = E51CE89D1B8B42D800307730 /* Project object */;
}
